{
  "version": "2",
  "remote": {
    "https://cdn.skypack.dev/-/chart.js@v3.7.1-M72rzhHM5HB6TMxMHjbt/dist=es2019,mode=imports/optimized/chartjs.js": "2a644c589f272588d5719847278db9bc12d321ab2ad50c99b684c87929f9d68b",
    "https://cdn.skypack.dev/-/chart.js@v3.7.1-M72rzhHM5HB6TMxMHjbt/dist=es2019,mode=types/types/adapters.d.ts": "6fc8e9a4f60350dfeae4bf1c35aa190103ada86d510914c9e22b6ac7f1d6f8f7",
    "https://cdn.skypack.dev/-/chart.js@v3.7.1-M72rzhHM5HB6TMxMHjbt/dist=es2019,mode=types/types/animation.d.ts": "ad62649489c7af2644006f034d16090f75980b7fdc9ea22b77dd18ec29dbcbcb",
    "https://cdn.skypack.dev/-/chart.js@v3.7.1-M72rzhHM5HB6TMxMHjbt/dist=es2019,mode=types/types/basic.d.ts": "18103f01db6b9e920b88fd304598e41611d48810930c8d2be1c698cfcce80a97",
    "https://cdn.skypack.dev/-/chart.js@v3.7.1-M72rzhHM5HB6TMxMHjbt/dist=es2019,mode=types/types/color.d.ts": "9c88eebb75b82b4ccb9412c7e3035e40e188ea3d7dcb010ff87986b7ff629555",
    "https://cdn.skypack.dev/-/chart.js@v3.7.1-M72rzhHM5HB6TMxMHjbt/dist=es2019,mode=types/types/element.d.ts": "6f3892e04e0b706203558dbeb524bd3f02bdb22c5e41e12137bcf081853df111",
    "https://cdn.skypack.dev/-/chart.js@v3.7.1-M72rzhHM5HB6TMxMHjbt/dist=es2019,mode=types/types/geometric.d.ts": "4327898fa1f77d877e005efe182ebb1b4a7771f5329249b230143e5d6a279d1e",
    "https://cdn.skypack.dev/-/chart.js@v3.7.1-M72rzhHM5HB6TMxMHjbt/dist=es2019,mode=types/types/index.esm.d.ts": "644ccee4cfeaf3a96cc03a1ce3bba2abfc872f91548ef43213b3bf1bf958027b",
    "https://cdn.skypack.dev/-/chart.js@v3.7.1-M72rzhHM5HB6TMxMHjbt/dist=es2019,mode=types/types/layout.d.ts": "6feba7fa77363f615fbc73237a1774a176039bf99268aab4d23ba5d9950ec55c",
    "https://cdn.skypack.dev/-/chart.js@v3.7.1-M72rzhHM5HB6TMxMHjbt/dist=es2019,mode=types/types/utils.d.ts": "48cbeca25dfcc608d08b928b627417ee99ff2cec23acd08a93b60d28b54cf961",
    "https://cdn.skypack.dev/chart.js@3.7?dts": "71a5a3355303d2820c882510e48f30d6f61daf500641ab0372c078a7d0c08ab5",
    "https://deno.land/std@0.157.0/_util/assert.ts": "e94f2eb37cebd7f199952e242c77654e43333c1ac4c5c700e929ea3aa5489f74",
    "https://deno.land/std@0.157.0/_util/os.ts": "8a33345f74990e627b9dfe2de9b040004b08ea5146c7c9e8fe9a29070d193934",
    "https://deno.land/std@0.157.0/encoding/hex.ts": "4cc5324417cbb4ac9b828453d35aed45b9cc29506fad658f1f138d981ae33795",
    "https://deno.land/std@0.157.0/fmt/colors.ts": "ff7dc9c9f33a72bd48bc24b21bbc1b4545d8494a431f17894dbc5fe92a938fc4",
    "https://deno.land/std@0.157.0/fs/_util.ts": "fdc156f897197f261a1c096dcf8ff9267ed0ff42bd5b31f55053a4763a4bae3b",
    "https://deno.land/std@0.157.0/fs/copy.ts": "73bdf24f4322648d9bc38ef983b818637ba368351d17aa03644209d3ce3eac31",
    "https://deno.land/std@0.157.0/fs/empty_dir.ts": "c15a0aaaf40f8c21cca902aa1e01a789ad0c2fd1b7e2eecf4957053c5dbf707f",
    "https://deno.land/std@0.157.0/fs/ensure_dir.ts": "76395fc1c989ca8d2de3aedfa8240eb8f5225cde20f926de957995b063135b80",
    "https://deno.land/std@0.157.0/fs/ensure_file.ts": "b8e32ea63aa21221d0219760ba3f741f682d7f7d68d0d24a3ec067c338568152",
    "https://deno.land/std@0.157.0/fs/ensure_link.ts": "5cc1c04f18487d7d1edf4c5469705f30b61390ffd24ad7db6df85e7209b32bb2",
    "https://deno.land/std@0.157.0/fs/ensure_symlink.ts": "5273557b8c50be69477aa9cb003b54ff2240a336db52a40851c97abce76b96ab",
    "https://deno.land/std@0.157.0/fs/eol.ts": "b92f0b88036de507e7e6fbedbe8f666835ea9dcbf5ac85917fa1fadc919f83a5",
    "https://deno.land/std@0.157.0/fs/exists.ts": "3661a679d9018338df5df7cd9fc7cd918f5e447e7304a5391f849a893ce24107",
    "https://deno.land/std@0.157.0/fs/expand_glob.ts": "333a8b9b0726b6909e5af30fb99c68e5b0e734d37af8cbc2ad1f062f26ca4d50",
    "https://deno.land/std@0.157.0/fs/mod.ts": "354a6f972ef4e00c4dd1f1339a8828ef0764c1c23d3c0010af3fcc025d8655b0",
    "https://deno.land/std@0.157.0/fs/move.ts": "6d7fa9da60dbc7a32dd7fdbc2ff812b745861213c8e92ba96dace0669b0c378c",
    "https://deno.land/std@0.157.0/fs/walk.ts": "d6c73a2a2fb5fde60150ce27cff3fff420e72e5bb84131b4919c9a41d74712ce",
    "https://deno.land/std@0.157.0/path/_constants.ts": "df1db3ffa6dd6d1252cc9617e5d72165cd2483df90e93833e13580687b6083c3",
    "https://deno.land/std@0.157.0/path/_interface.ts": "ee3b431a336b80cf445441109d089b70d87d5e248f4f90ff906820889ecf8d09",
    "https://deno.land/std@0.157.0/path/_util.ts": "d16be2a16e1204b65f9d0dfc54a9bc472cafe5f4a190b3c8471ec2016ccd1677",
    "https://deno.land/std@0.157.0/path/common.ts": "bee563630abd2d97f99d83c96c2fa0cca7cee103e8cb4e7699ec4d5db7bd2633",
    "https://deno.land/std@0.157.0/path/glob.ts": "cb5255638de1048973c3e69e420c77dc04f75755524cb3b2e160fe9277d939ee",
    "https://deno.land/std@0.157.0/path/mod.ts": "56fec03ad0ebd61b6ab39ddb9b0ddb4c4a5c9f2f4f632e09dd37ec9ebfd722ac",
    "https://deno.land/std@0.157.0/path/posix.ts": "c1f7afe274290ea0b51da07ee205653b2964bd74909a82deb07b69a6cc383aaa",
    "https://deno.land/std@0.157.0/path/separator.ts": "fe1816cb765a8068afb3e8f13ad272351c85cbc739af56dacfc7d93d710fe0f9",
    "https://deno.land/std@0.157.0/path/win32.ts": "bd7549042e37879c68ff2f8576a25950abbfca1d696d41d82c7bca0b7e6f452c",
    "https://deno.land/std@0.162.0/semver/mod.ts": "25f6d286ab714096bc278babbf8d7c7d51ce790c83805fd7e1e2bd6a18b5f2e2",
    "https://deno.land/std@0.166.0/_util/asserts.ts": "d0844e9b62510f89ce1f9878b046f6a57bf88f208a10304aab50efcb48365272",
    "https://deno.land/std@0.166.0/_util/os.ts": "8a33345f74990e627b9dfe2de9b040004b08ea5146c7c9e8fe9a29070d193934",
    "https://deno.land/std@0.166.0/async/abortable.ts": "87aa7230be8360c24ad437212311c9e8d4328854baec27b4c7abb26e85515c06",
    "https://deno.land/std@0.166.0/async/deadline.ts": "48ac998d7564969f3e6ec6b6f9bf0217ebd00239b1b2292feba61272d5dd58d0",
    "https://deno.land/std@0.166.0/async/debounce.ts": "dc8b92d4a4fe7eac32c924f2b8d3e62112530db70cadce27042689d82970b350",
    "https://deno.land/std@0.166.0/async/deferred.ts": "d8fb253ffde2a056e4889ef7e90f3928f28be9f9294b6505773d33f136aab4e6",
    "https://deno.land/std@0.166.0/async/delay.ts": "0419dfc993752849692d1f9647edf13407c7facc3509b099381be99ffbc9d699",
    "https://deno.land/std@0.166.0/async/mod.ts": "dd0a8ed4f3984ffabe2fcca7c9f466b7932d57b1864ffee148a5d5388316db6b",
    "https://deno.land/std@0.166.0/async/mux_async_iterator.ts": "3447b28a2a582224a3d4d3596bccbba6e85040da3b97ed64012f7decce98d093",
    "https://deno.land/std@0.166.0/async/pool.ts": "ef9eb97b388543acbf0ac32647121e4dbe629236899586c4d4311a8770fbb239",
    "https://deno.land/std@0.166.0/async/tee.ts": "9af3a3e7612af75861308b52249e167f5ebc3dcfc8a1a4d45462d96606ee2b70",
    "https://deno.land/std@0.166.0/fs/_util.ts": "fdc156f897197f261a1c096dcf8ff9267ed0ff42bd5b31f55053a4763a4bae3b",
    "https://deno.land/std@0.166.0/fs/ensure_dir.ts": "76395fc1c989ca8d2de3aedfa8240eb8f5225cde20f926de957995b063135b80",
    "https://deno.land/std@0.166.0/fs/ensure_file.ts": "b8e32ea63aa21221d0219760ba3f741f682d7f7d68d0d24a3ec067c338568152",
    "https://deno.land/std@0.166.0/http/server.ts": "e99c1bee8a3f6571ee4cdeb2966efad465b8f6fe62bec1bdb59c1f007cc4d155",
    "https://deno.land/std@0.166.0/path/_constants.ts": "df1db3ffa6dd6d1252cc9617e5d72165cd2483df90e93833e13580687b6083c3",
    "https://deno.land/std@0.166.0/path/_interface.ts": "ee3b431a336b80cf445441109d089b70d87d5e248f4f90ff906820889ecf8d09",
    "https://deno.land/std@0.166.0/path/_util.ts": "d16be2a16e1204b65f9d0dfc54a9bc472cafe5f4a190b3c8471ec2016ccd1677",
    "https://deno.land/std@0.166.0/path/common.ts": "bee563630abd2d97f99d83c96c2fa0cca7cee103e8cb4e7699ec4d5db7bd2633",
    "https://deno.land/std@0.166.0/path/glob.ts": "cb5255638de1048973c3e69e420c77dc04f75755524cb3b2e160fe9277d939ee",
    "https://deno.land/std@0.166.0/path/mod.ts": "56fec03ad0ebd61b6ab39ddb9b0ddb4c4a5c9f2f4f632e09dd37ec9ebfd722ac",
    "https://deno.land/std@0.166.0/path/posix.ts": "6b63de7097e68c8663c84ccedc0fd977656eb134432d818ecd3a4e122638ac24",
    "https://deno.land/std@0.166.0/path/separator.ts": "fe1816cb765a8068afb3e8f13ad272351c85cbc739af56dacfc7d93d710fe0f9",
    "https://deno.land/std@0.166.0/path/win32.ts": "7cebd2bda6657371adc00061a1d23fdd87bcdf64b4843bb148b0b24c11b40f69",
    "https://deno.land/std@0.177.0/_util/asserts.ts": "178dfc49a464aee693a7e285567b3d0b555dc805ff490505a8aae34f9cfb1462",
    "https://deno.land/std@0.177.0/_util/os.ts": "d932f56d41e4f6a6093d56044e29ce637f8dcc43c5a90af43504a889cf1775e3",
    "https://deno.land/std@0.177.0/fmt/colors.ts": "938c5d44d889fb82eff6c358bea8baa7e85950a16c9f6dae3ec3a7a729164471",
    "https://deno.land/std@0.177.0/fs/_util.ts": "65381f341af1ff7f40198cee15c20f59951ac26e51ddc651c5293e24f9ce6f32",
    "https://deno.land/std@0.177.0/fs/copy.ts": "14214efd94fc3aa6db1e4af2b4b9578e50f7362b7f3725d5a14ad259a5df26c8",
    "https://deno.land/std@0.177.0/fs/empty_dir.ts": "c3d2da4c7352fab1cf144a1ecfef58090769e8af633678e0f3fabaef98594688",
    "https://deno.land/std@0.177.0/fs/ensure_dir.ts": "724209875497a6b4628dfb256116e5651c4f7816741368d6c44aab2531a1e603",
    "https://deno.land/std@0.177.0/fs/ensure_file.ts": "c38602670bfaf259d86ca824a94e6cb9e5eb73757fefa4ebf43a90dd017d53d9",
    "https://deno.land/std@0.177.0/fs/ensure_link.ts": "c0f5b2f0ec094ed52b9128eccb1ee23362a617457aa0f699b145d4883f5b2fb4",
    "https://deno.land/std@0.177.0/fs/ensure_symlink.ts": "2955cc8332aeca9bdfefd05d8d3976b94e282b0f353392a71684808ed2ffdd41",
    "https://deno.land/std@0.177.0/fs/eol.ts": "f1f2eb348a750c34500741987b21d65607f352cf7205f48f4319d417fff42842",
    "https://deno.land/std@0.177.0/fs/exists.ts": "b8c8a457b71e9d7f29b9d2f87aad8dba2739cbe637e8926d6ba6e92567875f8e",
    "https://deno.land/std@0.177.0/fs/expand_glob.ts": "45d17e89796a24bd6002e4354eda67b4301bb8ba67d2cac8453cdabccf1d9ab0",
    "https://deno.land/std@0.177.0/fs/mod.ts": "bc3d0acd488cc7b42627044caf47d72019846d459279544e1934418955ba4898",
    "https://deno.land/std@0.177.0/fs/move.ts": "4cb47f880e3f0582c55e71c9f8b1e5e8cfaacb5e84f7390781dd563b7298ec19",
    "https://deno.land/std@0.177.0/fs/walk.ts": "ea95ffa6500c1eda6b365be488c056edc7c883a1db41ef46ec3bf057b1c0fe32",
    "https://deno.land/std@0.177.0/path/_constants.ts": "e49961f6f4f48039c0dfed3c3f93e963ca3d92791c9d478ac5b43183413136e0",
    "https://deno.land/std@0.177.0/path/_interface.ts": "6471159dfbbc357e03882c2266d21ef9afdb1e4aa771b0545e90db58a0ba314b",
    "https://deno.land/std@0.177.0/path/_util.ts": "d7abb1e0dea065f427b89156e28cdeb32b045870acdf865833ba808a73b576d0",
    "https://deno.land/std@0.177.0/path/common.ts": "ee7505ab01fd22de3963b64e46cff31f40de34f9f8de1fff6a1bd2fe79380000",
    "https://deno.land/std@0.177.0/path/glob.ts": "d479e0a695621c94d3fd7fe7abd4f9499caf32a8de13f25073451c6ef420a4e1",
    "https://deno.land/std@0.177.0/path/mod.ts": "4b83694ac500d7d31b0cdafc927080a53dc0c3027eb2895790fb155082b0d232",
    "https://deno.land/std@0.177.0/path/posix.ts": "8b7c67ac338714b30c816079303d0285dd24af6b284f7ad63da5b27372a2c94d",
    "https://deno.land/std@0.177.0/path/separator.ts": "0fb679739d0d1d7bf45b68dacfb4ec7563597a902edbaf3c59b50d5bcadd93b1",
    "https://deno.land/std@0.177.0/path/win32.ts": "d186344e5583bcbf8b18af416d13d82b35a317116e6460a5a3953508c3de5bba",
    "https://deno.land/std@0.177.0/testing/_diff.ts": "1a3c044aedf77647d6cac86b798c6417603361b66b54c53331b312caeb447aea",
    "https://deno.land/std@0.177.0/testing/_format.ts": "a69126e8a469009adf4cf2a50af889aca364c349797e63174884a52ff75cf4c7",
    "https://deno.land/std@0.177.0/testing/asserts.ts": "984ab0bfb3faeed92ffaa3a6b06536c66811185328c5dd146257c702c41b01ab",
    "https://deno.land/std@0.92.0/_util/assert.ts": "2f868145a042a11d5ad0a3c748dcf580add8a0dbc0e876eaa0026303a5488f58",
    "https://deno.land/std@0.92.0/_util/has_own_property.ts": "f5edd94ed3f3c20c517d812045deb97977e18501c9b7105b5f5c11a31893d7a2",
    "https://deno.land/std@0.92.0/async/deferred.ts": "624bef4b755b71394620508a0c234a93cb8020cbd1b04bfcdad41c174392cef6",
    "https://deno.land/std@0.92.0/async/delay.ts": "9de1d8d07d1927767ab7f82434b883f3d8294fb19cad819691a2ad81a728cf3d",
    "https://deno.land/std@0.92.0/async/mod.ts": "253b41c658d768613eacfb11caa0a9ca7148442f932018a45576f7f27554c853",
    "https://deno.land/std@0.92.0/async/mux_async_iterator.ts": "b9091909db04cdb0af6f7807677372f64c1488de6c4bd86004511b064bf230d6",
    "https://deno.land/std@0.92.0/async/pool.ts": "876f9e6815366cd017a3b4fbb9e9ae40310b1b6972f1bd541c94358bc11fb7e5",
    "https://deno.land/std@0.92.0/bytes/mod.ts": "1ae1ccfe98c4b979f12b015982c7444f81fcb921bea7aa215bf37d84f46e1e13",
    "https://deno.land/std@0.92.0/fmt/colors.ts": "db22b314a2ae9430ae7460ce005e0a7130e23ae1c999157e3bb77cf55800f7e4",
    "https://deno.land/std@0.92.0/hash/sha1.ts": "1cca324b4b253885a47f121adafcfac55b4cc96113e22b338e1db26f37a730b8",
    "https://deno.land/std@0.92.0/http/_io.ts": "bf1331dd3be8aace9120614c1fedc2bb2449edc4779e31b74c0181ea9173f702",
    "https://deno.land/std@0.92.0/http/http_status.ts": "ebaa9bebfb8adc3d7b20c49e11037e4eefd79629ad80d81383933f4cdc91b3eb",
    "https://deno.land/std@0.92.0/http/server.ts": "d4e17c2aa5a5c65a2d19b9f24483be5f6c2a3e03665996fdf973e53c43091b48",
    "https://deno.land/std@0.92.0/io/buffer.ts": "2a92f02c1d8daaebaf13e5678ea5969c89f4fab533f687b9e7e86f49f11c3118",
    "https://deno.land/std@0.92.0/io/bufio.ts": "4053ea5d978479be68ae4d73424045a59c6b7a6e8f66727e4bfde516baa07126",
    "https://deno.land/std@0.92.0/io/ioutil.ts": "275fa440494df9b4b3aa656301ced2eeac533feec128b3a39b2b40f4cd957e42",
    "https://deno.land/std@0.92.0/io/util.ts": "03ca10e063afce551c501505c607ec336a40b9cb72363f5508e2a9ac81096bbf",
    "https://deno.land/std@0.92.0/node/_utils.ts": "33b06f2877d3ee80f17190ee81fdc436755ce74b9c2a9a4492c7cdfe2a03e4c6",
    "https://deno.land/std@0.92.0/node/events.ts": "0feda0707e2229363f5df8b799fed41bb91de6ca7106f27c7a9f0a02ea11b9d4",
    "https://deno.land/std@0.92.0/testing/_diff.ts": "961eaf6d9f5b0a8556c9d835bbc6fa74f5addd7d3b02728ba7936ff93364f7a3",
    "https://deno.land/std@0.92.0/testing/asserts.ts": "83889f9a37bdab16cb68b023a15f9172ceb644f62c0e727c72d4870a666e53d6",
    "https://deno.land/std@0.92.0/textproto/mod.ts": "1c89b39a079dd158893ab2e9ff79391c66049433d6ca82da7d64b32280570d51",
    "https://deno.land/std@0.92.0/ws/mod.ts": "bc521b3066441eb115ac94e3507bcc73098542f81d8d3ce7aad8d837316ce990",
    "https://deno.land/x/denoflate@1.2.1/mod.ts": "f5628e44b80b3d80ed525afa2ba0f12408e3849db817d47a883b801f9ce69dd6",
    "https://deno.land/x/denoflate@1.2.1/pkg/denoflate.js": "b9f9ad9457d3f12f28b1fb35c555f57443427f74decb403113d67364e4f2caf4",
    "https://deno.land/x/denoflate@1.2.1/pkg/denoflate_bg.wasm.js": "d581956245407a2115a3d7e8d85a9641c032940a8e810acbd59ca86afd34d44d",
    "https://deno.land/x/denum@v1.2.0/interfaces/fraction.ts": "90fc10692e49e097e2eefdadc365a2dbea8b08fb2db5a454b48be0c9bcbaec47",
    "https://deno.land/x/denum@v1.2.0/interfaces/value.ts": "6c009c7bb857d71e95c17a51ed6eab455bcab823d306abc17462bc348e4b8d56",
    "https://deno.land/x/denum@v1.2.0/mod.ts": "66f860c946574ed14edc0c20eef398b09afeecbf411ffcf267c06383f9433f35",
    "https://deno.land/x/denum@v1.2.0/modules/abs.ts": "857e6652df6268de71fb88cfaf638e4c80b2c0753c83d1727051b2b58f15c7be",
    "https://deno.land/x/denum@v1.2.0/modules/clamp.ts": "bcfc27bc5b54ee10281cad97021f743609ae1c084c8a8bc4593d2914618ead14",
    "https://deno.land/x/denum@v1.2.0/modules/factors.ts": "8a6d720f133275b5a9d7e9d1099842d68c3fc463c8d79a6bb16e80533abc1496",
    "https://deno.land/x/denum@v1.2.0/modules/gcd.ts": "7813b828aee2be089a79cf77e910410a1940729e29265d559d254889a715835c",
    "https://deno.land/x/denum@v1.2.0/modules/lcd.ts": "e190adeb7d5b8c038ef74afd0394bd56f969eabbe71942cf99ab0aa25f937607",
    "https://deno.land/x/denum@v1.2.0/modules/map.ts": "b2913284f429e5acaff5a4807bf9432720919588c48bd37bcdf589bc24a6bf29",
    "https://deno.land/x/denum@v1.2.0/modules/mean.ts": "73fa24c16b88a92d4e69f30e14c82214a9789dfe8384964d3b2d42489a02ec14",
    "https://deno.land/x/denum@v1.2.0/modules/median.ts": "654d0b8b6304e1cce8e8c366609d5767937f207bb11cf5b2104b32f7141a3782",
    "https://deno.land/x/denum@v1.2.0/modules/prime.ts": "08a4279e44c85dafec9f19ffa75e0c64ca9ea474f74f531680e37b768a1d28f8",
    "https://deno.land/x/denum@v1.2.0/modules/random.ts": "835ec3ffab4d4ab97942393c55186c1b209c5f278624ec9f2a7d98a9c4ca4cd1",
    "https://deno.land/x/denum@v1.2.0/modules/range.ts": "2336fc2d1d13aaed974c167cad7a2b2639bb2ed3c3bcb784d64340400f96f941",
    "https://deno.land/x/denum@v1.2.0/modules/round.ts": "798aa52fd007002727aee18b0488d5eba4df4ecc9a26e433ca339d7743bdf8be",
    "https://deno.land/x/denum@v1.2.0/modules/sign.ts": "452c92401034bca9d5c3b12ac81a729f12e8dbcb88a45ca229453803d43808d8",
    "https://deno.land/x/deplot@0.3.0/deps.ts": "8762b3f8ae64cd4a0d076bd57a341d0c802d1b806350ebf45e55df54d62f07db",
    "https://deno.land/x/deplot@0.3.0/mod.ts": "7caee030e6d85a9860b7674114e99ba3c9ac0a4f7a7dac19b7dcfbab38559f77",
    "https://deno.land/x/deplot@0.3.0/public/bundle.ts": "73b1d39b16572682e25a8d9156dacdbbfb0f11e3061b52321a7e92b4cae52531",
    "https://deno.land/x/deplot@0.3.0/public/plotly.ts": "d6e0df47e5c6ec5b4f2af1dbff98788e1c4c908eeea437c6a962c334287be290",
    "https://deno.land/x/deplot@0.3.0/src/deplot.ts": "e8e0d31554c420e86d64172450979303f95474b4d6e287a9460aef048ae60663",
    "https://deno.land/x/deplot@0.3.0/src/helpers.ts": "5473754a1fbad2010da4c6c1085bc7ba7d8ed8b0cc508503c67d31d8502295be",
    "https://deno.land/x/deplot@0.3.0/src/types.ts": "3dd932b79cf1aec7a52895be076a0459b1c0fd281310d93040ab5319278728b5",
    "https://deno.land/x/deplot@0.3.0/vendor/Plotly/index.d.ts": "58d0b50129bdf3b61efbbefe68f0ded444aba30ecda59c5af0212bcc2a66401c",
    "https://deno.land/x/deplot@0.3.0/vendor/Plotly/lib/traces/box.d.ts": "2bc3b914cf9ab7fe9413e008badcb3fd1d101a2a4a1ed82adc0634606adf40fe",
    "https://deno.land/x/deplot@0.3.0/vendor/Plotly/lib/traces/candlestick.d.ts": "4885dc94e03825d752fe79ae3ddd47fe772f933b62dd23904d7200dfd4e7cfc0",
    "https://deno.land/x/deplot@0.3.0/vendor/Plotly/lib/traces/ohcl.d.ts": "71152339270a257d6cb3eab313dc68187c2a723c95cefd59523f8b6c0002df92",
    "https://deno.land/x/deplot@0.3.0/vendor/Plotly/lib/traces/pie.d.ts": "b1f0d861ae5ef945d4ee40ac7500d2dd230ec3182745be7c2118ae2c6dbe5a1e",
    "https://deno.land/x/deplot@0.3.0/vendor/Plotly/lib/traces/scatter.d.ts": "f2c364d433e882c1b5c3bf64018777dfce557a635c3ee0ae16bf21b3d31fd10d",
    "https://deno.land/x/deplot@0.3.0/vendor/Plotly/lib/traces/violin.d.ts": "99ea1a55495e4836bb4906db96b4723f5a6594a28c8e16659d7034824e4a2d60",
    "https://deno.land/x/deplot@0.3.0/vendor/d3/d3.d.ts": "f9a24dd56262cf6339b3b8af122654f9116ba614691981f5ca66e5abcd0963c5",
    "https://deno.land/x/ensure_version@1.3.0/deps.ts": "5b10b6353b88a17c1e2d9e5a84a3719c8bae3f723b58f672d8ab8a353d1bdfe2",
    "https://deno.land/x/ensure_version@1.3.0/ensure_version.ts": "3ae9770b544d8aede6cf0f650134e754e1d4b595eeae1b7b1f3d761ae371265c",
    "https://deno.land/x/ensure_version@1.3.0/mod.ts": "5007ec41b0dec14de386dd2e33eb46971819015b46c2559f59bec46103b028ec",
    "https://deno.land/x/esbuild@v0.15.16/mod.d.ts": "cc87f4ff5a9f137d8fc0d886a7f033dd5289506effb7d1d18d8c098ee6abca37",
    "https://deno.land/x/esbuild@v0.15.16/mod.js": "ea6e965ce00e183774d9e64ed6910ab8cc6d33717a295ab22a510f0f8ce8ae27",
    "https://deno.land/x/plug@1.0.0-rc.3/deps.ts": "ea73ca429e71624fdae0fe9393fe5056b9404d058ef45688eda4150112cf85d3",
    "https://deno.land/x/plug@1.0.0-rc.3/download.ts": "81d1aef0595e018514f1d70a5c52b0267d81685e2dccb5459f8427b29f3f3736",
    "https://deno.land/x/plug@1.0.0-rc.3/mod.ts": "6db7edf982efedf8c9e1002754fbb109c22201fd8fb89ba715fe70171b5e821c",
    "https://deno.land/x/plug@1.0.0-rc.3/types.ts": "d8eb738fc6ed883e6abf77093442c2f0b71af9090f15c7613621d4039e410ee1",
    "https://deno.land/x/plug@1.0.0-rc.3/util.ts": "e53018a487292d11036efeae9da81eb82ef47f9e53d0ba83f545b0220350155a",
    "https://deno.land/x/websocket@v0.1.4/deps.ts": "1299887e27e09209d2eedc5c3b6552090842fac9e08f00dd235de39219efbd42",
    "https://deno.land/x/websocket@v0.1.4/lib/errors.ts": "efb2251dac1ac2036809b0bfb520d737aee70e362eba1e287c84d5299fb211e8",
    "https://deno.land/x/websocket@v0.1.4/lib/websocket.ts": "3363e0a8f59284de5439f5f3bd8831b65a2cfba047113fbc72e32934ebec3208",
    "https://deno.land/x/websocket@v0.1.4/mod.ts": "6b24e14dd1c5d64c1671dd678ca545cce9e2ebc91f67e8be864069808b948267",
    "https://ejm.sh/https://github.com/webview/webview_deno/releases/download/0.7.4//WebView2Loader.dll?.json": "08ce2af51b5b817234916926937375daa98e418e7f2cc03e4673c858ddaa4917",
    "https://ejm.sh/https://raw.githubusercontent.com/denoland/deno/main/Releases.md": "e6000c6d0c19b74002b04ea61d2bb8fff9c642bfb6fd9f866b9a0e3a13185bb5",
    "https://raw.githubusercontent.com/JOTSR/webview_deno/main/deps.ts": "69dca21abb89c2ab9435d12b77e3fcf0152cdce3fa7fdbbc0de2b214edb91116",
    "https://raw.githubusercontent.com/JOTSR/webview_deno/main/mod.ts": "ad7a61ee0049d56970f9f86547bfe7b98e44cdc5ec4bfb13dd77ddf779afcb06",
    "https://raw.githubusercontent.com/JOTSR/webview_deno/main/src/ffi.ts": "5f3c7015fa5a4e8ce8ebb095cca42d0309e6642c102d1b5f91148e93ecff91b6",
    "https://raw.githubusercontent.com/JOTSR/webview_deno/main/src/webview.ts": "6b02222ca727f83a38a38fa22d7dda41b35ff02dfa9d6a6a48d8c115c2057d77"
  },
  "npm": {
    "specifiers": {
      "js-polynomial-regression@0.9.1": "js-polynomial-regression@0.9.1"
    },
    "packages": {
      "js-polynomial-regression@0.9.1": {
        "integrity": "sha512-D+eWJpP8tS3bMSLuMjOxI3qf7gNW1tu9vfST8o/mUNoR/JKIjLNRytdqf7dWi73unyCTKyHq20nyor8hWN5xNw==",
        "dependencies": {}
      }
    }
  }
}
